{
  "name": "cli",
  "lockfileVersion": 3,
  "requires": true,
  "packages": {
    "": {
      "devDependencies": {
        "@mark1russell7/cue": "github:mark1russell7/cue#main"
      }
    },
    "node_modules/@mark1russell7/cue": {
      "version": "1.0.0",
      "resolved": "git+ssh://git@github.com/mark1russell7/cue.git#c1bca042078a463088f709935f8e6605d411b5f4",
      "dev": true,
      "license": "MIT",
      "bin": {
        "cue-config": "dist/cli.js"
      },
      "engines": {
        "node": ">=25.0.0",
        "npm": ">=11.0.0"
      }
    }
  }
}
